{
  "name": "node-mycelium",
  "version": "1.0.0",
  "lockfileVersion": 1,
  "requires": true,
  "dependencies": {
    "dotenv": {
      "version": "8.2.0",
      "resolved": "https://registry.npmjs.org/dotenv/-/dotenv-8.2.0.tgz",
      "integrity": "sha512-8sJ78ElpbDJBHNeBzUbUVLsqKdccaa/BXF1uPTw3GrvQTBgrQrtObr2mUrE38vzYd8cEv+m/JBfDLioYcfXoaw==",
      "dev": true
    },
    "net-socket-reconnect": {
      "version": "0.0.9",
      "resolved": "https://registry.npmjs.org/net-socket-reconnect/-/net-socket-reconnect-0.0.9.tgz",
      "integrity": "sha1-r4TSZ1yhXHHwjixje2mI8U5B7kU="
    }
  }
}
